
Microsoft Visual Studio Solution File, Format Version 12.00
Project("{FAE04EC0-301F-11D3-BF4B-00C04F79EFBC}") = "Kol1_APBD", "Kol1_APBD.csproj", "{AB20437F-138E-4FA3-A33D-CD4B1EAE8E8B}"
EndProject
Global
	GlobalSection(SolutionConfigurationPlatforms) = preSolution
		Debug|Any CPU = Debug|Any CPU
		Release|Any CPU = Release|Any CPU
	EndGlobalSection
	GlobalSection(ProjectConfigurationPlatforms) = postSolution
		{AB20437F-138E-4FA3-A33D-CD4B1EAE8E8B}.Debug|Any CPU.ActiveCfg = Debug|Any CPU
		{AB20437F-138E-4FA3-A33D-CD4B1EAE8E8B}.Debug|Any CPU.Build.0 = Debug|Any CPU
		{AB20437F-138E-4FA3-A33D-CD4B1EAE8E8B}.Release|Any CPU.ActiveCfg = Release|Any CPU
		{AB20437F-138E-4FA3-A33D-CD4B1EAE8E8B}.Release|Any CPU.Build.0 = Release|Any CPU
	EndGlobalSection
EndGlobal
